
Microsoft Visual Studio Solution File, Format Version 12.00
# Visual Studio 15
VisualStudioVersion = 15.0.28307.489
MinimumVisualStudioVersion = 10.0.40219.1
Project("{FAE04EC0-301F-11D3-BF4B-00C04F79EFBC}") = "Casus_CircustreinV2_1", "Casus_CircustreinV2_1\Casus_CircustreinV2_1.csproj", "{DCA64358-F9DF-454A-8FCE-D27B7E0BB7A7}"
EndProject
Global
	GlobalSection(SolutionConfigurationPlatforms) = preSolution
		Debug|Any CPU = Debug|Any CPU
		Release|Any CPU = Release|Any CPU
	EndGlobalSection
	GlobalSection(ProjectConfigurationPlatforms) = postSolution
		{DCA64358-F9DF-454A-8FCE-D27B7E0BB7A7}.Debug|Any CPU.ActiveCfg = Debug|Any CPU
		{DCA64358-F9DF-454A-8FCE-D27B7E0BB7A7}.Debug|Any CPU.Build.0 = Debug|Any CPU
		{DCA64358-F9DF-454A-8FCE-D27B7E0BB7A7}.Release|Any CPU.ActiveCfg = Release|Any CPU
		{DCA64358-F9DF-454A-8FCE-D27B7E0BB7A7}.Release|Any CPU.Build.0 = Release|Any CPU
	EndGlobalSection
	GlobalSection(SolutionProperties) = preSolution
		HideSolutionNode = FALSE
	EndGlobalSection
	GlobalSection(ExtensibilityGlobals) = postSolution
		SolutionGuid = {214F681F-1E5E-47DC-858F-287DE87E485F}
	EndGlobalSection
EndGlobal
